{
  "name": "createxyforgraph",
  "version": "1.0.0",
  "lockfileVersion": 3,
  "requires": true,
  "packages": {
    "": {
      "name": "createxyforgraph",
      "version": "1.0.0",
      "dependencies": {
        "graphology": "^0.25.4",
        "graphology-layout": "^0.6.1",
        "graphology-layout-forceatlas2": "^0.10.1"
      }
    },
    "node_modules/events": {
      "version": "3.3.0",
      "resolved": "https://registry.npmjs.org/events/-/events-3.3.0.tgz",
      "integrity": "sha512-mQw+2fkQbALzQ7V0MY0IqdnXNOeTtP4r0lN9z7AAawCXgqea7bDii20AYrIBrFd/Hx0M2Ocz6S111CaFkUcb0Q==",
      "engines": {
        "node": ">=0.8.x"
      }
    },
    "node_modules/graphology": {
      "version": "0.25.4",
      "resolved": "https://registry.npmjs.org/graphology/-/graphology-0.25.4.tgz",
      "integrity": "sha512-33g0Ol9nkWdD6ulw687viS8YJQBxqG5LWII6FI6nul0pq6iM2t5EKquOTFDbyTblRB3O9I+7KX4xI8u5ffekAQ==",
      "dependencies": {
        "events": "^3.3.0",
        "obliterator": "^2.0.2"
      },
      "peerDependencies": {
        "graphology-types": ">=0.24.0"
      }
    },
    "node_modules/graphology-layout": {
      "version": "0.6.1",
      "resolved": "https://registry.npmjs.org/graphology-layout/-/graphology-layout-0.6.1.tgz",
      "integrity": "sha512-m9aMvbd0uDPffUCFPng5ibRkb2pmfNvdKjQWeZrf71RS1aOoat5874+DcyNfMeCT4aQguKC7Lj9eCbqZj/h8Ag==",
      "dependencies": {
        "graphology-utils": "^2.3.0",
        "pandemonium": "^2.4.0"
      },
      "peerDependencies": {
        "graphology-types": ">=0.19.0"
      }
    },
    "node_modules/graphology-layout-forceatlas2": {
      "version": "0.10.1",
      "resolved": "https://registry.npmjs.org/graphology-layout-forceatlas2/-/graphology-layout-forceatlas2-0.10.1.tgz",
      "integrity": "sha512-ogzBeF1FvWzjkikrIFwxhlZXvD2+wlY54lqhsrWprcdPjopM2J9HoMweUmIgwaTvY4bUYVimpSsOdvDv1gPRFQ==",
      "dependencies": {
        "graphology-utils": "^2.1.0"
      },
      "peerDependencies": {
        "graphology-types": ">=0.19.0"
      }
    },
    "node_modules/graphology-types": {
      "version": "0.24.7",
      "resolved": "https://registry.npmjs.org/graphology-types/-/graphology-types-0.24.7.tgz",
      "integrity": "sha512-tdcqOOpwArNjEr0gNQKCXwaNCWnQJrog14nJNQPeemcLnXQUUGrsCWpWkVKt46zLjcS6/KGoayeJfHHyPDlvwA==",
      "peer": true
    },
    "node_modules/graphology-utils": {
      "version": "2.5.2",
      "resolved": "https://registry.npmjs.org/graphology-utils/-/graphology-utils-2.5.2.tgz",
      "integrity": "sha512-ckHg8MXrXJkOARk56ZaSCM1g1Wihe2d6iTmz1enGOz4W/l831MBCKSayeFQfowgF8wd+PQ4rlch/56Vs/VZLDQ==",
      "peerDependencies": {
        "graphology-types": ">=0.23.0"
      }
    },
    "node_modules/mnemonist": {
      "version": "0.39.8",
      "resolved": "https://registry.npmjs.org/mnemonist/-/mnemonist-0.39.8.tgz",
      "integrity": "sha512-vyWo2K3fjrUw8YeeZ1zF0fy6Mu59RHokURlld8ymdUPjMlD9EC9ov1/YPqTgqRvUN9nTr3Gqfz29LYAmu0PHPQ==",
      "dependencies": {
        "obliterator": "^2.0.1"
      }
    },
    "node_modules/obliterator": {
      "version": "2.0.4",
      "resolved": "https://registry.npmjs.org/obliterator/-/obliterator-2.0.4.tgz",
      "integrity": "sha512-lgHwxlxV1qIg1Eap7LgIeoBWIMFibOjbrYPIPJZcI1mmGAI2m3lNYpK12Y+GBdPQ0U1hRwSord7GIaawz962qQ=="
    },
    "node_modules/pandemonium": {
      "version": "2.4.1",
      "resolved": "https://registry.npmjs.org/pandemonium/-/pandemonium-2.4.1.tgz",
      "integrity": "sha512-wRqjisUyiUfXowgm7MFH2rwJzKIr20rca5FsHXCMNm1W5YPP1hCtrZfgmQ62kP7OZ7Xt+cR858aB28lu5NX55g==",
      "dependencies": {
        "mnemonist": "^0.39.2"
      }
    }
  }
}
